
Microsoft Visual Studio Solution File, Format Version 12.00
# Visual Studio 15
VisualStudioVersion = 15.0.26730.15
MinimumVisualStudioVersion = 10.0.40219.1
Project("{FAE04EC0-301F-11D3-BF4B-00C04F79EFBC}") = "Fitnessfrog1", "Fitnessfrog1\Fitnessfrog1.csproj", "{4CB832B4-A73B-4484-B821-ADD13D9AC2E6}"
EndProject
Global
	GlobalSection(SolutionConfigurationPlatforms) = preSolution
		Debug|Any CPU = Debug|Any CPU
		Release|Any CPU = Release|Any CPU
	EndGlobalSection
	GlobalSection(ProjectConfigurationPlatforms) = postSolution
		{4CB832B4-A73B-4484-B821-ADD13D9AC2E6}.Debug|Any CPU.ActiveCfg = Debug|Any CPU
		{4CB832B4-A73B-4484-B821-ADD13D9AC2E6}.Debug|Any CPU.Build.0 = Debug|Any CPU
		{4CB832B4-A73B-4484-B821-ADD13D9AC2E6}.Release|Any CPU.ActiveCfg = Release|Any CPU
		{4CB832B4-A73B-4484-B821-ADD13D9AC2E6}.Release|Any CPU.Build.0 = Release|Any CPU
	EndGlobalSection
	GlobalSection(SolutionProperties) = preSolution
		HideSolutionNode = FALSE
	EndGlobalSection
	GlobalSection(ExtensibilityGlobals) = postSolution
		SolutionGuid = {2DA3B600-BBD9-42FB-B635-E11B09E7E52C}
	EndGlobalSection
EndGlobal
